
Microsoft Visual Studio Solution File, Format Version 12.00
# Visual Studio Version 17
VisualStudioVersion = 17.4.33015.44
MinimumVisualStudioVersion = 10.0.40219.1
Project("{FAE04EC0-301F-11D3-BF4B-00C04F79EFBC}") = "CallMePhonyEntities", "CallMePhonyEntities\CallMePhonyEntities.csproj", "{329875ED-7692-42B7-8050-843F99C1B1A1}"
EndProject
Global
	GlobalSection(SolutionConfigurationPlatforms) = preSolution
		Debug|Any CPU = Debug|Any CPU
		Release|Any CPU = Release|Any CPU
	EndGlobalSection
	GlobalSection(ProjectConfigurationPlatforms) = postSolution
		{329875ED-7692-42B7-8050-843F99C1B1A1}.Debug|Any CPU.ActiveCfg = Debug|Any CPU
		{329875ED-7692-42B7-8050-843F99C1B1A1}.Debug|Any CPU.Build.0 = Debug|Any CPU
		{329875ED-7692-42B7-8050-843F99C1B1A1}.Release|Any CPU.ActiveCfg = Release|Any CPU
		{329875ED-7692-42B7-8050-843F99C1B1A1}.Release|Any CPU.Build.0 = Release|Any CPU
	EndGlobalSection
	GlobalSection(SolutionProperties) = preSolution
		HideSolutionNode = FALSE
	EndGlobalSection
	GlobalSection(ExtensibilityGlobals) = postSolution
		SolutionGuid = {DAF30A4A-7E0C-4EFB-93BC-46724D6594D6}
	EndGlobalSection
EndGlobal
